
Microsoft Visual Studio Solution File, Format Version 12.00
Project("{2150E333-8FDC-42A3-9474-1A3956D46DE8}") = "src", "src", "{3341F3A5-44BB-4C68-BD1A-FAD76BA11483}"
EndProject
Project("{FAE04EC0-301F-11D3-BF4B-00C04F79EFBC}") = "Domain", "src\Domain\Domain.csproj", "{82476638-24CB-4294-9EAD-7EB7A866BD10}"
EndProject
Project("{FAE04EC0-301F-11D3-BF4B-00C04F79EFBC}") = "Persistence", "src\Persistence\Persistence.csproj", "{7C64B2AC-B98D-48E4-94B2-44379E0135BE}"
EndProject
Global
	GlobalSection(SolutionConfigurationPlatforms) = preSolution
		Debug|Any CPU = Debug|Any CPU
		Release|Any CPU = Release|Any CPU
	EndGlobalSection
	GlobalSection(NestedProjects) = preSolution
		{82476638-24CB-4294-9EAD-7EB7A866BD10} = {3341F3A5-44BB-4C68-BD1A-FAD76BA11483}
		{7C64B2AC-B98D-48E4-94B2-44379E0135BE} = {3341F3A5-44BB-4C68-BD1A-FAD76BA11483}
	EndGlobalSection
	GlobalSection(ProjectConfigurationPlatforms) = postSolution
		{82476638-24CB-4294-9EAD-7EB7A866BD10}.Debug|Any CPU.ActiveCfg = Debug|Any CPU
		{82476638-24CB-4294-9EAD-7EB7A866BD10}.Debug|Any CPU.Build.0 = Debug|Any CPU
		{82476638-24CB-4294-9EAD-7EB7A866BD10}.Release|Any CPU.ActiveCfg = Release|Any CPU
		{82476638-24CB-4294-9EAD-7EB7A866BD10}.Release|Any CPU.Build.0 = Release|Any CPU
		{7C64B2AC-B98D-48E4-94B2-44379E0135BE}.Debug|Any CPU.ActiveCfg = Debug|Any CPU
		{7C64B2AC-B98D-48E4-94B2-44379E0135BE}.Debug|Any CPU.Build.0 = Debug|Any CPU
		{7C64B2AC-B98D-48E4-94B2-44379E0135BE}.Release|Any CPU.ActiveCfg = Release|Any CPU
		{7C64B2AC-B98D-48E4-94B2-44379E0135BE}.Release|Any CPU.Build.0 = Release|Any CPU
	EndGlobalSection
EndGlobal
