
Microsoft Visual Studio Solution File, Format Version 12.00
Project("{2150E333-8FDC-42A3-9474-1A3956D46DE8}") = "src", "src", "{3341F3A5-44BB-4C68-BD1A-FAD76BA11483}"
EndProject
Project("{FAE04EC0-301F-11D3-BF4B-00C04F79EFBC}") = "Domain", "src\Domain\Domain.csproj", "{82476638-24CB-4294-9EAD-7EB7A866BD10}"
EndProject
Project("{FAE04EC0-301F-11D3-BF4B-00C04F79EFBC}") = "Persistence", "src\Persistence\Persistence.csproj", "{7C64B2AC-B98D-48E4-94B2-44379E0135BE}"
EndProject
Project("{FAE04EC0-301F-11D3-BF4B-00C04F79EFBC}") = "Application", "src\Application\Application.csproj", "{09E82E26-5166-463E-A5C5-6324D0B93BEF}"
EndProject
Project("{2150E333-8FDC-42A3-9474-1A3956D46DE8}") = "Solution Items", "Solution Items", "{D577D237-5718-4985-A8C3-F77B93E58057}"
	ProjectSection(SolutionItems) = preProject
		.editorconfig = .editorconfig
		.env = .env
	EndProjectSection
EndProject
Project("{FAE04EC0-301F-11D3-BF4B-00C04F79EFBC}") = "Infrastructure", "src\Infrastructure\Infrastructure.csproj", "{316B45B0-B163-4007-B1BD-7AB372286513}"
EndProject
Project("{2150E333-8FDC-42A3-9474-1A3956D46DE8}") = "tests", "tests", "{3AF1AF17-4E86-4F7F-A88F-3BAB50B5749A}"
EndProject
Project("{FAE04EC0-301F-11D3-BF4B-00C04F79EFBC}") = "Domain.Tests", "tests\Domain.Tests\Domain.Tests.csproj", "{A3DEF9BE-75A6-41D1-89E6-0369319A12A7}"
EndProject
Global
	GlobalSection(SolutionConfigurationPlatforms) = preSolution
		Debug|Any CPU = Debug|Any CPU
		Release|Any CPU = Release|Any CPU
	EndGlobalSection
	GlobalSection(NestedProjects) = preSolution
		{82476638-24CB-4294-9EAD-7EB7A866BD10} = {3341F3A5-44BB-4C68-BD1A-FAD76BA11483}
		{7C64B2AC-B98D-48E4-94B2-44379E0135BE} = {3341F3A5-44BB-4C68-BD1A-FAD76BA11483}
		{09E82E26-5166-463E-A5C5-6324D0B93BEF} = {3341F3A5-44BB-4C68-BD1A-FAD76BA11483}
		{316B45B0-B163-4007-B1BD-7AB372286513} = {3341F3A5-44BB-4C68-BD1A-FAD76BA11483}
		{A3DEF9BE-75A6-41D1-89E6-0369319A12A7} = {3AF1AF17-4E86-4F7F-A88F-3BAB50B5749A}
	EndGlobalSection
	GlobalSection(ProjectConfigurationPlatforms) = postSolution
		{82476638-24CB-4294-9EAD-7EB7A866BD10}.Debug|Any CPU.ActiveCfg = Debug|Any CPU
		{82476638-24CB-4294-9EAD-7EB7A866BD10}.Debug|Any CPU.Build.0 = Debug|Any CPU
		{82476638-24CB-4294-9EAD-7EB7A866BD10}.Release|Any CPU.ActiveCfg = Release|Any CPU
		{82476638-24CB-4294-9EAD-7EB7A866BD10}.Release|Any CPU.Build.0 = Release|Any CPU
		{7C64B2AC-B98D-48E4-94B2-44379E0135BE}.Debug|Any CPU.ActiveCfg = Debug|Any CPU
		{7C64B2AC-B98D-48E4-94B2-44379E0135BE}.Debug|Any CPU.Build.0 = Debug|Any CPU
		{7C64B2AC-B98D-48E4-94B2-44379E0135BE}.Release|Any CPU.ActiveCfg = Release|Any CPU
		{7C64B2AC-B98D-48E4-94B2-44379E0135BE}.Release|Any CPU.Build.0 = Release|Any CPU
		{09E82E26-5166-463E-A5C5-6324D0B93BEF}.Debug|Any CPU.ActiveCfg = Debug|Any CPU
		{09E82E26-5166-463E-A5C5-6324D0B93BEF}.Debug|Any CPU.Build.0 = Debug|Any CPU
		{09E82E26-5166-463E-A5C5-6324D0B93BEF}.Release|Any CPU.ActiveCfg = Release|Any CPU
		{09E82E26-5166-463E-A5C5-6324D0B93BEF}.Release|Any CPU.Build.0 = Release|Any CPU
		{316B45B0-B163-4007-B1BD-7AB372286513}.Debug|Any CPU.ActiveCfg = Debug|Any CPU
		{316B45B0-B163-4007-B1BD-7AB372286513}.Debug|Any CPU.Build.0 = Debug|Any CPU
		{316B45B0-B163-4007-B1BD-7AB372286513}.Release|Any CPU.ActiveCfg = Release|Any CPU
		{316B45B0-B163-4007-B1BD-7AB372286513}.Release|Any CPU.Build.0 = Release|Any CPU
		{A3DEF9BE-75A6-41D1-89E6-0369319A12A7}.Debug|Any CPU.ActiveCfg = Debug|Any CPU
		{A3DEF9BE-75A6-41D1-89E6-0369319A12A7}.Debug|Any CPU.Build.0 = Debug|Any CPU
		{A3DEF9BE-75A6-41D1-89E6-0369319A12A7}.Release|Any CPU.ActiveCfg = Release|Any CPU
		{A3DEF9BE-75A6-41D1-89E6-0369319A12A7}.Release|Any CPU.Build.0 = Release|Any CPU
	EndGlobalSection
EndGlobal
